// !$*UTF8*$!
{
	archiveVersion = 1;
	classes = {
	};
	objectVersion = 50;
	objects = {

/* Begin PBXBuildFile section */
		EBCA1BC826041D4700B7EE22 /* AppDelegate.swift in Sources */ = {isa = PBXBuildFile; fileRef = EBCA1BC726041D4700B7EE22 /* AppDelegate.swift */; };
		EBCA1BCA26041D4700B7EE22 /* SceneDelegate.swift in Sources */ = {isa = PBXBuildFile; fileRef = EBCA1BC926041D4700B7EE22 /* SceneDelegate.swift */; };
		EBCA1BCC26041D4700B7EE22 /* ViewController.swift in Sources */ = {isa = PBXBuildFile; fileRef = EBCA1BCB26041D4700B7EE22 /* ViewController.swift */; };
		EBCA1BCF26041D4700B7EE22 /* Main.storyboard in Resources */ = {isa = PBXBuildFile; fileRef = EBCA1BCD26041D4700B7EE22 /* Main.storyboard */; };
		EBCA1BD126041D4700B7EE22 /* Assets.xcassets in Resources */ = {isa = PBXBuildFile; fileRef = EBCA1BD026041D4700B7EE22 /* Assets.xcassets */; };
		EBCA1BD426041D4700B7EE22 /* LaunchScreen.storyboard in Resources */ = {isa = PBXBuildFile; fileRef = EBCA1BD226041D4700B7EE22 /* LaunchScreen.storyboard */; };
		EBCA1BDD26042E1D00B7EE22 /* CreationViewController.swift in Sources */ = {isa = PBXBuildFile; fileRef = EBCA1BDC26042E1D00B7EE22 /* CreationViewController.swift */; };
/* End PBXBuildFile section */

/* Begin PBXFileReference section */
		EBCA1BC426041D4700B7EE22 /* Flashcards1.app */ = {isa = PBXFileReference; explicitFileType = wrapper.application; includeInIndex = 0; path = Flashcards1.app; sourceTree = BUILT_PRODUCTS_DIR; };
		EBCA1BC726041D4700B7EE22 /* AppDelegate.swift */ = {isa = PBXFileReference; lastKnownFileType = sourcecode.swift; path = AppDelegate.swift; sourceTree = "<group>"; };
		EBCA1BC926041D4700B7EE22 /* SceneDelegate.swift */ = {isa = PBXFileReference; lastKnownFileType = sourcecode.swift; path = SceneDelegate.swift; sourceTree = "<group>"; };
		EBCA1BCB26041D4700B7EE22 /* ViewController.swift */ = {isa = PBXFileReference; lastKnownFileType = sourcecode.swift; path = ViewController.swift; sourceTree = "<group>"; };
		EBCA1BCE26041D4700B7EE22 /* Base */ = {isa = PBXFileReference; lastKnownFileType = file.storyboard; name = Base; path = Base.lproj/Main.storyboard; sourceTree = "<group>"; };
		EBCA1BD026041D4700B7EE22 /* Assets.xcassets */ = {isa = PBXFileReference; lastKnownFileType = folder.assetcatalog; path = Assets.xcassets; sourceTree = "<group>"; };
		EBCA1BD326041D4700B7EE22 /* Base */ = {isa = PBXFileReference; lastKnownFileType = file.storyboard; name = Base; path = Base.lproj/LaunchScreen.storyboard; sourceTree = "<group>"; };
		EBCA1BD526041D4700B7EE22 /* Info.plist */ = {isa = PBXFileReference; lastKnownFileType = text.plist.xml; path = Info.plist; sourceTree = "<group>"; };
		EBCA1BDC26042E1D00B7EE22 /* CreationViewController.swift */ = {isa = PBXFileReference; lastKnownFileType = sourcecode.swift; path = CreationViewController.swift; sourceTree = "<group>"; };
/* End PBXFileReference section */

/* Begin PBXFrameworksBuildPhase section */
		EBCA1BC126041D4700B7EE22 /* Frameworks */ = {
			isa = PBXFrameworksBuildPhase;
			buildActionMask = 2147483647;
			files = (
			);
			runOnlyForDeploymentPostprocessing = 0;
		};
/* End PBXFrameworksBuildPhase section */

/* Begin PBXGroup section */
		EBCA1BBB26041D4700B7EE22 = {
			isa = PBXGroup;
			children = (
				EBCA1BDC26042E1D00B7EE22 /* CreationViewController.swift */,
				EBCA1BC626041D4700B7EE22 /* Flashcards1 */,
				EBCA1BC526041D4700B7EE22 /* Products */,
			);
			sourceTree = "<group>";
		};
		EBCA1BC526041D4700B7EE22 /* Products */ = {
			isa = PBXGroup;
			children = (
				EBCA1BC426041D4700B7EE22 /* Flashcards1.app */,
			);
			name = Products;
			sourceTree = "<group>";
		};
		EBCA1BC626041D4700B7EE22 /* Flashcards1 */ = {
			isa = PBXGroup;
			children = (
				EBCA1BC726041D4700B7EE22 /* AppDelegate.swift */,
				EBCA1BC926041D4700B7EE22 /* SceneDelegate.swift */,
				EBCA1BCB26041D4700B7EE22 /* ViewController.swift */,
				EBCA1BCD26041D4700B7EE22 /* Main.storyboard */,
				EBCA1BD026041D4700B7EE22 /* Assets.xcassets */,
				EBCA1BD226041D4700B7EE22 /* LaunchScreen.storyboard */,
				EBCA1BD526041D4700B7EE22 /* Info.plist */,
			);
			path = Flashcards1;
			sourceTree = "<group>";
		};
/* End PBXGroup section */

/* Begin PBXNativeTarget section */
		EBCA1BC326041D4700B7EE22 /* Flashcards1 */ = {
			isa = PBXNativeTarget;
			buildConfigurationList = EBCA1BD826041D4700B7EE22 /* Build configuration list for PBXNativeTarget "Flashcards1" */;
			buildPhases = (
				EBCA1BC026041D4700B7EE22 /* Sources */,
				EBCA1BC126041D4700B7EE22 /* Frameworks */,
				EBCA1BC226041D4700B7EE22 /* Resources */,
			);
			buildRules = (
			);
			dependencies = (
			);
			name = Flashcards1;
			productName = Flashcards1;
			productReference = EBCA1BC426041D4700B7EE22 /* Flashcards1.app */;
			productType = "com.apple.product-type.application";
		};
/* End PBXNativeTarget section */

/* Begin PBXProject section */
		EBCA1BBC26041D4700B7EE22 /* Project object */ = {
			isa = PBXProject;
			attributes = {
				LastSwiftUpdateCheck = 1240;
				LastUpgradeCheck = 1240;
				TargetAttributes = {
					EBCA1BC326041D4700B7EE22 = {
						CreatedOnToolsVersion = 12.4;
					};
				};
			};
			buildConfigurationList = EBCA1BBF26041D4700B7EE22 /* Build configuration list for PBXProject "Flashcards1" */;
			compatibilityVersion = "Xcode 9.3";
			developmentRegion = en;
			hasScannedForEncodings = 0;
			knownRegions = (
				en,
				Base,
			);
			mainGroup = EBCA1BBB26041D4700B7EE22;
			productRefGroup = EBCA1BC526041D4700B7EE22 /* Products */;
			projectDirPath = "";
			projectRoot = "";
			targets = (
				EBCA1BC326041D4700B7EE22 /* Flashcards1 */,
			);
		};
/* End PBXProject section */

/* Begin PBXResourcesBuildPhase section */
		EBCA1BC226041D4700B7EE22 /* Resources */ = {
			isa = PBXResourcesBuildPhase;
			buildActionMask = 2147483647;
			files = (
				EBCA1BD426041D4700B7EE22 /* LaunchScreen.storyboard in Resources */,
				EBCA1BD126041D4700B7EE22 /* Assets.xcassets in Resources */,
				EBCA1BCF26041D4700B7EE22 /* Main.storyboard in Resources */,
			);
			runOnlyForDeploymentPostprocessing = 0;
		};
/* End PBXResourcesBuildPhase section */

/* Begin PBXSourcesBuildPhase section */
		EBCA1BC026041D4700B7EE22 /* Sources */ = {
			isa = PBXSourcesBuildPhase;
			buildActionMask = 2147483647;
			files = (
				EBCA1BCC26041D4700B7EE22 /* ViewController.swift in Sources */,
				EBCA1BC826041D4700B7EE22 /* AppDelegate.swift in Sources */,
				EBCA1BCA26041D4700B7EE22 /* SceneDelegate.swift in Sources */,
				EBCA1BDD26042E1D00B7EE22 /* CreationViewController.swift in Sources */,
			);
			runOnlyForDeploymentPostprocessing = 0;
		};
/* End PBXSourcesBuildPhase section */

/* Begin PBXVariantGroup section */
		EBCA1BCD26041D4700B7EE22 /* Main.storyboard */ = {
			isa = PBXVariantGroup;
			children = (
				EBCA1BCE26041D4700B7EE22 /* Base */,
			);
			name = Main.storyboard;
			sourceTree = "<group>";
		};
		EBCA1BD226041D4700B7EE22 /* LaunchScreen.storyboard */ = {
			isa = PBXVariantGroup;
			children = (
				EBCA1BD326041D4700B7EE22 /* Base */,
			);
			name = LaunchScreen.storyboard;
			sourceTree = "<group>";
		};
/* End PBXVariantGroup section */

/* Begin XCBuildConfiguration section */
		EBCA1BD626041D4700B7EE22 /* Debug */ = {
			isa = XCBuildConfiguration;
			buildSettings = {
				ALWAYS_SEARCH_USER_PATHS = NO;
				CLANG_ANALYZER_NONNULL = YES;
				CLANG_ANALYZER_NUMBER_OBJECT_CONVERSION = YES_AGGRESSIVE;
				CLANG_CXX_LANGUAGE_STANDARD = "gnu++14";
				CLANG_CXX_LIBRARY = "libc++";
				CLANG_ENABLE_MODULES = YES;
				CLANG_ENABLE_OBJC_ARC = YES;
				CLANG_ENABLE_OBJC_WEAK = YES;
				CLANG_WARN_BLOCK_CAPTURE_AUTORELEASING = YES;
				CLANG_WARN_BOOL_CONVERSION = YES;
				CLANG_WARN_COMMA = YES;
				CLANG_WARN_CONSTANT_CONVERSION = YES;
				CLANG_WARN_DEPRECATED_OBJC_IMPLEMENTATIONS = YES;
				CLANG_WARN_DIRECT_OBJC_ISA_USAGE = YES_ERROR;
				CLANG_WARN_DOCUMENTATION_COMMENTS = YES;
				CLANG_WARN_EMPTY_BODY = YES;
				CLANG_WARN_ENUM_CONVERSION = YES;
				CLANG_WARN_INFINITE_RECURSION = YES;
				CLANG_WARN_INT_CONVERSION = YES;
				CLANG_WARN_NON_LITERAL_NULL_CONVERSION = YES;
				CLANG_WARN_OBJC_IMPLICIT_RETAIN_SELF = YES;
				CLANG_WARN_OBJC_LITERAL_CONVERSION = YES;
				CLANG_WARN_OBJC_ROOT_CLASS = YES_ERROR;
				CLANG_WARN_QUOTED_INCLUDE_IN_FRAMEWORK_HEADER = YES;
				CLANG_WARN_RANGE_LOOP_ANALYSIS = YES;
				CLANG_WARN_STRICT_PROTOTYPES = YES;
				CLANG_WARN_SUSPICIOUS_MOVE = YES;
				CLANG_WARN_UNGUARDED_AVAILABILITY = YES_AGGRESSIVE;
				CLANG_WARN_UNREACHABLE_CODE = YES;
				CLANG_WARN__DUPLICATE_METHOD_MATCH = YES;
				COPY_PHASE_STRIP = NO;
				DEBUG_INFORMATION_FORMAT = dwarf;
				ENABLE_STRICT_OBJC_MSGSEND = YES;
				ENABLE_TESTABILITY = YES;
				GCC_C_LANGUAGE_STANDARD = gnu11;
				GCC_DYNAMIC_NO_PIC = NO;
				GCC_NO_COMMON_BLOCKS = YES;
				GCC_OPTIMIZATION_LEVEL = 0;
				GCC_PREPROCESSOR_DEFINITIONS = (
					"DEBUG=1",
					"$(inherited)",
				);
				GCC_WARN_64_TO_32_BIT_CONVERSION = YES;
				GCC_WARN_ABOUT_RETURN_TYPE = YES_ERROR;
				GCC_WARN_UNDECLARED_SELECTOR = YES;
				GCC_WARN_UNINITIALIZED_AUTOS = YES_AGGRESSIVE;
				GCC_WARN_UNUSED_FUNCTION = YES;
				GCC_WARN_UNUSED_VARIABLE = YES;
				IPHONEOS_DEPLOYMENT_TARGET = 14.4;
				MTL_ENABLE_DEBUG_INFO = INCLUDE_SOURCE;
				MTL_FAST_MATH = YES;
				ONLY_ACTIVE_ARCH = YES;
				SDKROOT = iphoneos;
				SWIFT_ACTIVE_COMPILATION_CONDITIONS = DEBUG;
				SWIFT_OPTIMIZATION_LEVEL = "-Onone";
			};
			name = Debug;
		};
		EBCA1BD726041D4700B7EE22 /* Release */ = {
			isa = XCBuildConfiguration;
			buildSettings = {
				ALWAYS_SEARCH_USER_PATHS = NO;
				CLANG_ANALYZER_NONNULL = YES;
				CLANG_ANALYZER_NUMBER_OBJECT_CONVERSION = YES_AGGRESSIVE;
				CLANG_CXX_LANGUAGE_STANDARD = "gnu++14";
				CLANG_CXX_LIBRARY = "libc++";
				CLANG_ENABLE_MODULES = YES;
				CLANG_ENABLE_OBJC_ARC = YES;
				CLANG_ENABLE_OBJC_WEAK = YES;
				CLANG_WARN_BLOCK_CAPTURE_AUTORELEASING = YES;
				CLANG_WARN_BOOL_CONVERSION = YES;
				CLANG_WARN_COMMA = YES;
				CLANG_WARN_CONSTANT_CONVERSION = YES;
				CLANG_WARN_DEPRECATED_OBJC_IMPLEMENTATIONS = YES;
				CLANG_WARN_DIRECT_OBJC_ISA_USAGE = YES_ERROR;
				CLANG_WARN_DOCUMENTATION_COMMENTS = YES;
				CLANG_WARN_EMPTY_BODY = YES;
				CLANG_WARN_ENUM_CONVERSION = YES;
				CLANG_WARN_INFINITE_RECURSION = YES;
				CLANG_WARN_INT_CONVERSION = YES;
				CLANG_WARN_NON_LITERAL_NULL_CONVERSION = YES;
				CLANG_WARN_OBJC_IMPLICIT_RETAIN_SELF = YES;
				CLANG_WARN_OBJC_LITERAL_CONVERSION = YES;
				CLANG_WARN_OBJC_ROOT_CLASS = YES_ERROR;
				CLANG_WARN_QUOTED_INCLUDE_IN_FRAMEWORK_HEADER = YES;
				CLANG_WARN_RANGE_LOOP_ANALYSIS = YES;
				CLANG_WARN_STRICT_PROTOTYPES = YES;
				CLANG_WARN_SUSPICIOUS_MOVE = YES;
				CLANG_WARN_UNGUARDED_AVAILABILITY = YES_AGGRESSIVE;
				CLANG_WARN_UNREACHABLE_CODE = YES;
				CLANG_WARN__DUPLICATE_METHOD_MATCH = YES;
				COPY_PHASE_STRIP = NO;
				DEBUG_INFORMATION_FORMAT = "dwarf-with-dsym";
				ENABLE_NS_ASSERTIONS = NO;
				ENABLE_STRICT_OBJC_MSGSEND = YES;
				GCC_C_LANGUAGE_STANDARD = gnu11;
				GCC_NO_COMMON_BLOCKS = YES;
				GCC_WARN_64_TO_32_BIT_CONVERSION = YES;
				GCC_WARN_ABOUT_RETURN_TYPE = YES_ERROR;
				GCC_WARN_UNDECLARED_SELECTOR = YES;
				GCC_WARN_UNINITIALIZED_AUTOS = YES_AGGRESSIVE;
				GCC_WARN_UNUSED_FUNCTION = YES;
				GCC_WARN_UNUSED_VARIABLE = YES;
				IPHONEOS_DEPLOYMENT_TARGET = 14.4;
				MTL_ENABLE_DEBUG_INFO = NO;
				MTL_FAST_MATH = YES;
				SDKROOT = iphoneos;
				SWIFT_COMPILATION_MODE = wholemodule;
				SWIFT_OPTIMIZATION_LEVEL = "-O";
				VALIDATE_PRODUCT = YES;
			};
			name = Release;
		};
		EBCA1BD926041D4700B7EE22 /* Debug */ = {
			isa = XCBuildConfiguration;
			buildSettings = {
				ASSETCATALOG_COMPILER_APPICON_NAME = AppIcon;
				ASSETCATALOG_COMPILER_GLOBAL_ACCENT_COLOR_NAME = AccentColor;
				CODE_SIGN_STYLE = Automatic;
				DEVELOPMENT_TEAM = V466MH92JT;
				INFOPLIST_FILE = Flashcards1/Info.plist;
				LD_RUNPATH_SEARCH_PATHS = (
					"$(inherited)",
					"@executable_path/Frameworks",
				);
				PRODUCT_BUNDLE_IDENTIFIER = AndrewPisano.com.Flashcards1;
				PRODUCT_NAME = "$(TARGET_NAME)";
				SWIFT_VERSION = 5.0;
				TARGETED_DEVICE_FAMILY = "1,2";
			};
			name = Debug;
		};
		EBCA1BDA26041D4700B7EE22 /* Release */ = {
			isa = XCBuildConfiguration;
			buildSettings = {
				ASSETCATALOG_COMPILER_APPICON_NAME = AppIcon;
				ASSETCATALOG_COMPILER_GLOBAL_ACCENT_COLOR_NAME = AccentColor;
				CODE_SIGN_STYLE = Automatic;
				DEVELOPMENT_TEAM = V466MH92JT;
				INFOPLIST_FILE = Flashcards1/Info.plist;
				LD_RUNPATH_SEARCH_PATHS = (
					"$(inherited)",
					"@executable_path/Frameworks",
				);
				PRODUCT_BUNDLE_IDENTIFIER = AndrewPisano.com.Flashcards1;
				PRODUCT_NAME = "$(TARGET_NAME)";
				SWIFT_VERSION = 5.0;
				TARGETED_DEVICE_FAMILY = "1,2";
			};
			name = Release;
		};
/* End XCBuildConfiguration section */

/* Begin XCConfigurationList section */
		EBCA1BBF26041D4700B7EE22 /* Build configuration list for PBXProject "Flashcards1" */ = {
			isa = XCConfigurationList;
			buildConfigurations = (
				EBCA1BD626041D4700B7EE22 /* Debug */,
				EBCA1BD726041D4700B7EE22 /* Release */,
			);
			defaultConfigurationIsVisible = 0;
			defaultConfigurationName = Release;
		};
		EBCA1BD826041D4700B7EE22 /* Build configuration list for PBXNativeTarget "Flashcards1" */ = {
			isa = XCConfigurationList;
			buildConfigurations = (
				EBCA1BD926041D4700B7EE22 /* Debug */,
				EBCA1BDA26041D4700B7EE22 /* Release */,
			);
			defaultConfigurationIsVisible = 0;
			defaultConfigurationName = Release;
		};
/* End XCConfigurationList section */
	};
	rootObject = EBCA1BBC26041D4700B7EE22 /* Project object */;
}
